
Microsoft Visual Studio Solution File, Format Version 12.00
# Visual Studio Version 17
VisualStudioVersion = 17.10.34928.147
MinimumVisualStudioVersion = 10.0.40219.1
Project("{9A19103F-16F7-4668-BE54-9A1E7A4F7556}") = "TemUroki101", "TemUroki101\TemUroki101.csproj", "{9AC4FC50-00EB-4606-807F-2858D3C81BA4}"
EndProject
Project("{9A19103F-16F7-4668-BE54-9A1E7A4F7556}") = "T20Ur1-2", "T20Ur1-2\T20Ur1-2.csproj", "{A7F0889F-14DC-4F48-8BBE-294F426EBB04}"
EndProject
Project("{FAE04EC0-301F-11D3-BF4B-00C04F79EFBC}") = "IGRA", "IGRA\IGRA.csproj", "{FBA5B8FA-FA95-45FD-8AB1-90B2DABDF73B}"
EndProject
Global
	GlobalSection(SolutionConfigurationPlatforms) = preSolution
		Debug|Any CPU = Debug|Any CPU
		Release|Any CPU = Release|Any CPU
	EndGlobalSection
	GlobalSection(ProjectConfigurationPlatforms) = postSolution
		{9AC4FC50-00EB-4606-807F-2858D3C81BA4}.Debug|Any CPU.ActiveCfg = Debug|Any CPU
		{9AC4FC50-00EB-4606-807F-2858D3C81BA4}.Debug|Any CPU.Build.0 = Debug|Any CPU
		{9AC4FC50-00EB-4606-807F-2858D3C81BA4}.Release|Any CPU.ActiveCfg = Release|Any CPU
		{9AC4FC50-00EB-4606-807F-2858D3C81BA4}.Release|Any CPU.Build.0 = Release|Any CPU
		{A7F0889F-14DC-4F48-8BBE-294F426EBB04}.Debug|Any CPU.ActiveCfg = Debug|Any CPU
		{A7F0889F-14DC-4F48-8BBE-294F426EBB04}.Debug|Any CPU.Build.0 = Debug|Any CPU
		{A7F0889F-14DC-4F48-8BBE-294F426EBB04}.Release|Any CPU.ActiveCfg = Release|Any CPU
		{A7F0889F-14DC-4F48-8BBE-294F426EBB04}.Release|Any CPU.Build.0 = Release|Any CPU
		{FBA5B8FA-FA95-45FD-8AB1-90B2DABDF73B}.Debug|Any CPU.ActiveCfg = Debug|Any CPU
		{FBA5B8FA-FA95-45FD-8AB1-90B2DABDF73B}.Debug|Any CPU.Build.0 = Debug|Any CPU
		{FBA5B8FA-FA95-45FD-8AB1-90B2DABDF73B}.Release|Any CPU.ActiveCfg = Release|Any CPU
		{FBA5B8FA-FA95-45FD-8AB1-90B2DABDF73B}.Release|Any CPU.Build.0 = Release|Any CPU
	EndGlobalSection
	GlobalSection(SolutionProperties) = preSolution
		HideSolutionNode = FALSE
	EndGlobalSection
	GlobalSection(ExtensibilityGlobals) = postSolution
		SolutionGuid = {36FD1832-C733-46C1-A9C2-337E6B8C12BF}
	EndGlobalSection
EndGlobal
